
Microsoft Visual Studio Solution File, Format Version 12.00
# Visual Studio 15
VisualStudioVersion = 15.0.28307.572
MinimumVisualStudioVersion = 10.0.40219.1
Project("{FAE04EC0-301F-11D3-BF4B-00C04F79EFBC}") = "portchlytAPI", "portchlytAPI\portchlytAPI.csproj", "{641E73E0-E91E-4CB7-9F55-7BB4B4096415}"
EndProject
Global
	GlobalSection(SolutionConfigurationPlatforms) = preSolution
		Debug|Any CPU = Debug|Any CPU
		Release|Any CPU = Release|Any CPU
	EndGlobalSection
	GlobalSection(ProjectConfigurationPlatforms) = postSolution
		{641E73E0-E91E-4CB7-9F55-7BB4B4096415}.Debug|Any CPU.ActiveCfg = Debug|Any CPU
		{641E73E0-E91E-4CB7-9F55-7BB4B4096415}.Debug|Any CPU.Build.0 = Debug|Any CPU
		{641E73E0-E91E-4CB7-9F55-7BB4B4096415}.Release|Any CPU.ActiveCfg = Release|Any CPU
		{641E73E0-E91E-4CB7-9F55-7BB4B4096415}.Release|Any CPU.Build.0 = Release|Any CPU
	EndGlobalSection
	GlobalSection(SolutionProperties) = preSolution
		HideSolutionNode = FALSE
	EndGlobalSection
	GlobalSection(ExtensibilityGlobals) = postSolution
		SolutionGuid = {EB08A92C-1A8A-4B23-AA87-9A937DF61898}
	EndGlobalSection
EndGlobal
